
Microsoft Visual Studio Solution File, Format Version 12.00
# Visual Studio Version 16
VisualStudioVersion = 16.0.31729.503
MinimumVisualStudioVersion = 10.0.40219.1
Project("{FAE04EC0-301F-11D3-BF4B-00C04F79EFBC}") = "operator", "operator\operator.csproj", "{BDB47341-8713-4BCB-A138-E978B680BF74}"
EndProject
Global
	GlobalSection(SolutionConfigurationPlatforms) = preSolution
		Debug|Any CPU = Debug|Any CPU
		Release|Any CPU = Release|Any CPU
	EndGlobalSection
	GlobalSection(ProjectConfigurationPlatforms) = postSolution
		{BDB47341-8713-4BCB-A138-E978B680BF74}.Debug|Any CPU.ActiveCfg = Debug|Any CPU
		{BDB47341-8713-4BCB-A138-E978B680BF74}.Debug|Any CPU.Build.0 = Debug|Any CPU
		{BDB47341-8713-4BCB-A138-E978B680BF74}.Release|Any CPU.ActiveCfg = Release|Any CPU
		{BDB47341-8713-4BCB-A138-E978B680BF74}.Release|Any CPU.Build.0 = Release|Any CPU
	EndGlobalSection
	GlobalSection(SolutionProperties) = preSolution
		HideSolutionNode = FALSE
	EndGlobalSection
	GlobalSection(ExtensibilityGlobals) = postSolution
		SolutionGuid = {06171AC8-2CC8-4F02-A8E7-053E72559794}
	EndGlobalSection
EndGlobal
